
Microsoft Visual Studio Solution File, Format Version 12.00
# Visual Studio 15
VisualStudioVersion = 15.0.28307.168
MinimumVisualStudioVersion = 10.0.40219.1
Project("{8BC9CEB8-8B4A-11D0-8D11-00A0C91BC942}") = "test_makefile_project", "test_makefile_project\test_makefile_project.vcxproj", "{97E9FB05-0EEE-4EA3-96F8-8A91C195536C}"
EndProject
Project("{8BC9CEB8-8B4A-11D0-8D11-00A0C91BC942}") = "simple_linux_pro", "simple_linux_pro\simple_linux_pro.vcxproj", "{AE3BAF89-8301-4A1F-9C20-615C82DC8538}"
EndProject
Project("{8BC9CEB8-8B4A-11D0-8D11-00A0C91BC942}") = "network_client", "network_client\network_client.vcxproj", "{A797E3B4-1B10-458E-8180-A230A3188E20}"
EndProject
Project("{8BC9CEB8-8B4A-11D0-8D11-00A0C91BC942}") = "network_service", "network_service\network_service.vcxproj", "{EAEBD60B-6D7C-44BF-A342-05D274F53789}"
EndProject
Global
	GlobalSection(SolutionConfigurationPlatforms) = preSolution
		Debug|ARM = Debug|ARM
		Debug|ARM64 = Debug|ARM64
		Debug|x64 = Debug|x64
		Debug|x86 = Debug|x86
		Release|ARM = Release|ARM
		Release|ARM64 = Release|ARM64
		Release|x64 = Release|x64
		Release|x86 = Release|x86
	EndGlobalSection
	GlobalSection(ProjectConfigurationPlatforms) = postSolution
		{97E9FB05-0EEE-4EA3-96F8-8A91C195536C}.Debug|ARM.ActiveCfg = Debug|ARM
		{97E9FB05-0EEE-4EA3-96F8-8A91C195536C}.Debug|ARM.Build.0 = Debug|ARM
		{97E9FB05-0EEE-4EA3-96F8-8A91C195536C}.Debug|ARM64.ActiveCfg = Debug|ARM64
		{97E9FB05-0EEE-4EA3-96F8-8A91C195536C}.Debug|ARM64.Build.0 = Debug|ARM64
		{97E9FB05-0EEE-4EA3-96F8-8A91C195536C}.Debug|x64.ActiveCfg = Debug|x64
		{97E9FB05-0EEE-4EA3-96F8-8A91C195536C}.Debug|x64.Build.0 = Debug|x64
		{97E9FB05-0EEE-4EA3-96F8-8A91C195536C}.Debug|x86.ActiveCfg = Debug|x86
		{97E9FB05-0EEE-4EA3-96F8-8A91C195536C}.Debug|x86.Build.0 = Debug|x86
		{97E9FB05-0EEE-4EA3-96F8-8A91C195536C}.Release|ARM.ActiveCfg = Release|ARM
		{97E9FB05-0EEE-4EA3-96F8-8A91C195536C}.Release|ARM.Build.0 = Release|ARM
		{97E9FB05-0EEE-4EA3-96F8-8A91C195536C}.Release|ARM64.ActiveCfg = Release|ARM64
		{97E9FB05-0EEE-4EA3-96F8-8A91C195536C}.Release|ARM64.Build.0 = Release|ARM64
		{97E9FB05-0EEE-4EA3-96F8-8A91C195536C}.Release|x64.ActiveCfg = Release|x64
		{97E9FB05-0EEE-4EA3-96F8-8A91C195536C}.Release|x64.Build.0 = Release|x64
		{97E9FB05-0EEE-4EA3-96F8-8A91C195536C}.Release|x86.ActiveCfg = Release|x86
		{97E9FB05-0EEE-4EA3-96F8-8A91C195536C}.Release|x86.Build.0 = Release|x86
		{AE3BAF89-8301-4A1F-9C20-615C82DC8538}.Debug|ARM.ActiveCfg = Debug|ARM
		{AE3BAF89-8301-4A1F-9C20-615C82DC8538}.Debug|ARM.Build.0 = Debug|ARM
		{AE3BAF89-8301-4A1F-9C20-615C82DC8538}.Debug|ARM64.ActiveCfg = Debug|ARM64
		{AE3BAF89-8301-4A1F-9C20-615C82DC8538}.Debug|ARM64.Build.0 = Debug|ARM64
		{AE3BAF89-8301-4A1F-9C20-615C82DC8538}.Debug|x64.ActiveCfg = Debug|x64
		{AE3BAF89-8301-4A1F-9C20-615C82DC8538}.Debug|x64.Build.0 = Debug|x64
		{AE3BAF89-8301-4A1F-9C20-615C82DC8538}.Debug|x86.ActiveCfg = Debug|x86
		{AE3BAF89-8301-4A1F-9C20-615C82DC8538}.Debug|x86.Build.0 = Debug|x86
		{AE3BAF89-8301-4A1F-9C20-615C82DC8538}.Release|ARM.ActiveCfg = Release|ARM
		{AE3BAF89-8301-4A1F-9C20-615C82DC8538}.Release|ARM.Build.0 = Release|ARM
		{AE3BAF89-8301-4A1F-9C20-615C82DC8538}.Release|ARM64.ActiveCfg = Release|ARM64
		{AE3BAF89-8301-4A1F-9C20-615C82DC8538}.Release|ARM64.Build.0 = Release|ARM64
		{AE3BAF89-8301-4A1F-9C20-615C82DC8538}.Release|x64.ActiveCfg = Release|x64
		{AE3BAF89-8301-4A1F-9C20-615C82DC8538}.Release|x64.Build.0 = Release|x64
		{AE3BAF89-8301-4A1F-9C20-615C82DC8538}.Release|x86.ActiveCfg = Release|x86
		{AE3BAF89-8301-4A1F-9C20-615C82DC8538}.Release|x86.Build.0 = Release|x86
		{A797E3B4-1B10-458E-8180-A230A3188E20}.Debug|ARM.ActiveCfg = Debug|ARM
		{A797E3B4-1B10-458E-8180-A230A3188E20}.Debug|ARM.Build.0 = Debug|ARM
		{A797E3B4-1B10-458E-8180-A230A3188E20}.Debug|ARM64.ActiveCfg = Debug|ARM64
		{A797E3B4-1B10-458E-8180-A230A3188E20}.Debug|ARM64.Build.0 = Debug|ARM64
		{A797E3B4-1B10-458E-8180-A230A3188E20}.Debug|x64.ActiveCfg = Debug|x64
		{A797E3B4-1B10-458E-8180-A230A3188E20}.Debug|x64.Build.0 = Debug|x64
		{A797E3B4-1B10-458E-8180-A230A3188E20}.Debug|x86.ActiveCfg = Debug|x86
		{A797E3B4-1B10-458E-8180-A230A3188E20}.Debug|x86.Build.0 = Debug|x86
		{A797E3B4-1B10-458E-8180-A230A3188E20}.Release|ARM.ActiveCfg = Release|ARM
		{A797E3B4-1B10-458E-8180-A230A3188E20}.Release|ARM.Build.0 = Release|ARM
		{A797E3B4-1B10-458E-8180-A230A3188E20}.Release|ARM64.ActiveCfg = Release|ARM64
		{A797E3B4-1B10-458E-8180-A230A3188E20}.Release|ARM64.Build.0 = Release|ARM64
		{A797E3B4-1B10-458E-8180-A230A3188E20}.Release|x64.ActiveCfg = Release|x64
		{A797E3B4-1B10-458E-8180-A230A3188E20}.Release|x64.Build.0 = Release|x64
		{A797E3B4-1B10-458E-8180-A230A3188E20}.Release|x86.ActiveCfg = Release|x86
		{A797E3B4-1B10-458E-8180-A230A3188E20}.Release|x86.Build.0 = Release|x86
		{EAEBD60B-6D7C-44BF-A342-05D274F53789}.Debug|ARM.ActiveCfg = Debug|ARM
		{EAEBD60B-6D7C-44BF-A342-05D274F53789}.Debug|ARM.Build.0 = Debug|ARM
		{EAEBD60B-6D7C-44BF-A342-05D274F53789}.Debug|ARM64.ActiveCfg = Debug|ARM64
		{EAEBD60B-6D7C-44BF-A342-05D274F53789}.Debug|ARM64.Build.0 = Debug|ARM64
		{EAEBD60B-6D7C-44BF-A342-05D274F53789}.Debug|x64.ActiveCfg = Debug|x64
		{EAEBD60B-6D7C-44BF-A342-05D274F53789}.Debug|x64.Build.0 = Debug|x64
		{EAEBD60B-6D7C-44BF-A342-05D274F53789}.Debug|x86.ActiveCfg = Debug|x86
		{EAEBD60B-6D7C-44BF-A342-05D274F53789}.Debug|x86.Build.0 = Debug|x86
		{EAEBD60B-6D7C-44BF-A342-05D274F53789}.Release|ARM.ActiveCfg = Release|ARM
		{EAEBD60B-6D7C-44BF-A342-05D274F53789}.Release|ARM.Build.0 = Release|ARM
		{EAEBD60B-6D7C-44BF-A342-05D274F53789}.Release|ARM64.ActiveCfg = Release|ARM64
		{EAEBD60B-6D7C-44BF-A342-05D274F53789}.Release|ARM64.Build.0 = Release|ARM64
		{EAEBD60B-6D7C-44BF-A342-05D274F53789}.Release|x64.ActiveCfg = Release|x64
		{EAEBD60B-6D7C-44BF-A342-05D274F53789}.Release|x64.Build.0 = Release|x64
		{EAEBD60B-6D7C-44BF-A342-05D274F53789}.Release|x86.ActiveCfg = Release|x86
		{EAEBD60B-6D7C-44BF-A342-05D274F53789}.Release|x86.Build.0 = Release|x86
	EndGlobalSection
	GlobalSection(SolutionProperties) = preSolution
		HideSolutionNode = FALSE
	EndGlobalSection
	GlobalSection(ExtensibilityGlobals) = postSolution
		SolutionGuid = {763E90CE-2977-4A07-B3D1-A4D292C5705A}
	EndGlobalSection
EndGlobal
